
Microsoft Visual Studio Solution File, Format Version 12.00
# Visual Studio 2013
VisualStudioVersion = 12.0.0.0
MinimumVisualStudioVersion = 10.0.0.1
Global
	GlobalSection(SolutionConfigurationPlatforms) = preSolution
		Debug|Any CPU = Debug|Any CPU
		Release|Any CPU = Release|Any CPU
	EndGlobalSection
	GlobalSection(ProjectConfigurationPlatforms) = postSolution
		{CD850C7F-9938-43AB-8A1D-A080E266003E}.Debug|Any CPU.ActiveCfg = Debug|Any CPU
		{CD850C7F-9938-43AB-8A1D-A080E266003E}.Debug|Any CPU.Build.0 = Debug|Any CPU
		{CD850C7F-9938-43AB-8A1D-A080E266003E}.Release|Any CPU.ActiveCfg = Release|Any CPU
		{CD850C7F-9938-43AB-8A1D-A080E266003E}.Release|Any CPU.Build.0 = Release|Any CPU
		{BEBDD185-CC8E-4630-AC00-AF65E6B529E9}.Debug|Any CPU.ActiveCfg = Debug|Any CPU
		{BEBDD185-CC8E-4630-AC00-AF65E6B529E9}.Debug|Any CPU.Build.0 = Debug|Any CPU
		{BEBDD185-CC8E-4630-AC00-AF65E6B529E9}.Release|Any CPU.ActiveCfg = Release|Any CPU
		{BEBDD185-CC8E-4630-AC00-AF65E6B529E9}.Release|Any CPU.Build.0 = Release|Any CPU
		{E0C5A8A6-C454-4D36-B540-4DD48D54D52E}.Debug|Any CPU.ActiveCfg = Debug|Any CPU
		{E0C5A8A6-C454-4D36-B540-4DD48D54D52E}.Debug|Any CPU.Build.0 = Debug|Any CPU
		{E0C5A8A6-C454-4D36-B540-4DD48D54D52E}.Release|Any CPU.ActiveCfg = Release|Any CPU
		{E0C5A8A6-C454-4D36-B540-4DD48D54D52E}.Release|Any CPU.Build.0 = Release|Any CPU
		{3428A498-2893-401C-A97C-DFA4339E10C9}.Debug|Any CPU.ActiveCfg = Debug|Any CPU
		{3428A498-2893-401C-A97C-DFA4339E10C9}.Debug|Any CPU.Build.0 = Debug|Any CPU
		{3428A498-2893-401C-A97C-DFA4339E10C9}.Release|Any CPU.ActiveCfg = Release|Any CPU
		{3428A498-2893-401C-A97C-DFA4339E10C9}.Release|Any CPU.Build.0 = Release|Any CPU
		{7C2B89B1-104B-4CC1-8907-BD9A4D0E7039}.Debug|Any CPU.ActiveCfg = Debug|Any CPU
		{7C2B89B1-104B-4CC1-8907-BD9A4D0E7039}.Debug|Any CPU.Build.0 = Debug|Any CPU
		{7C2B89B1-104B-4CC1-8907-BD9A4D0E7039}.Release|Any CPU.ActiveCfg = Release|Any CPU
		{7C2B89B1-104B-4CC1-8907-BD9A4D0E7039}.Release|Any CPU.Build.0 = Release|Any CPU
		{9AF40835-D064-4D83-96BF-B9C129924A6B}.Debug|Any CPU.ActiveCfg = Debug|Any CPU
		{9AF40835-D064-4D83-96BF-B9C129924A6B}.Debug|Any CPU.Build.0 = Debug|Any CPU
		{9AF40835-D064-4D83-96BF-B9C129924A6B}.Release|Any CPU.ActiveCfg = Release|Any CPU
		{9AF40835-D064-4D83-96BF-B9C129924A6B}.Release|Any CPU.Build.0 = Release|Any CPU
		{C1088C6B-A74C-4DAB-B1C5-B38F4B5E138C}.Debug|Any CPU.ActiveCfg = Debug|Any CPU
		{C1088C6B-A74C-4DAB-B1C5-B38F4B5E138C}.Debug|Any CPU.Build.0 = Debug|Any CPU
		{C1088C6B-A74C-4DAB-B1C5-B38F4B5E138C}.Release|Any CPU.ActiveCfg = Release|Any CPU
		{C1088C6B-A74C-4DAB-B1C5-B38F4B5E138C}.Release|Any CPU.Build.0 = Release|Any CPU
		{19AA54D2-4097-4744-ABFE-D5B06AD08E3F}.Debug|Any CPU.ActiveCfg = Debug|Any CPU
		{19AA54D2-4097-4744-ABFE-D5B06AD08E3F}.Debug|Any CPU.Build.0 = Debug|Any CPU
		{19AA54D2-4097-4744-ABFE-D5B06AD08E3F}.Release|Any CPU.ActiveCfg = Release|Any CPU
		{19AA54D2-4097-4744-ABFE-D5B06AD08E3F}.Release|Any CPU.Build.0 = Release|Any CPU
		{D51509B5-8FEA-4577-9001-CABE822CA1C6}.Debug|Any CPU.ActiveCfg = Debug|Any CPU
		{D51509B5-8FEA-4577-9001-CABE822CA1C6}.Debug|Any CPU.Build.0 = Debug|Any CPU
		{D51509B5-8FEA-4577-9001-CABE822CA1C6}.Release|Any CPU.ActiveCfg = Release|Any CPU
		{D51509B5-8FEA-4577-9001-CABE822CA1C6}.Release|Any CPU.Build.0 = Release|Any CPU
		{F2C83CD3-EAAC-4BF1-ADE4-276BCD29542E}.Debug|Any CPU.ActiveCfg = Debug|Any CPU
		{F2C83CD3-EAAC-4BF1-ADE4-276BCD29542E}.Debug|Any CPU.Build.0 = Debug|Any CPU
		{F2C83CD3-EAAC-4BF1-ADE4-276BCD29542E}.Release|Any CPU.ActiveCfg = Release|Any CPU
		{F2C83CD3-EAAC-4BF1-ADE4-276BCD29542E}.Release|Any CPU.Build.0 = Release|Any CPU
		{BA30C841-3579-48C4-906D-EF6320A2AB9A}.Debug|Any CPU.ActiveCfg = Debug|Any CPU
		{BA30C841-3579-48C4-906D-EF6320A2AB9A}.Debug|Any CPU.Build.0 = Debug|Any CPU
		{BA30C841-3579-48C4-906D-EF6320A2AB9A}.Release|Any CPU.ActiveCfg = Release|Any CPU
		{BA30C841-3579-48C4-906D-EF6320A2AB9A}.Release|Any CPU.Build.0 = Release|Any CPU
	EndGlobalSection
	GlobalSection(SolutionProperties) = preSolution
		HideSolutionNode = FALSE
	EndGlobalSection
	GlobalSection(NestedProjects) = preSolution
		{BEBDD185-CC8E-4630-AC00-AF65E6B529E9} = {E8A7FB1A-3CB3-43F2-BE73-1C02D60AC30F}
		{E0C5A8A6-C454-4D36-B540-4DD48D54D52E} = {E8A7FB1A-3CB3-43F2-BE73-1C02D60AC30F}
		{3428A498-2893-401C-A97C-DFA4339E10C9} = {8CC0C0F0-7BF2-46C7-B63F-D25A1AC467C2}
		{7C2B89B1-104B-4CC1-8907-BD9A4D0E7039} = {8CC0C0F0-7BF2-46C7-B63F-D25A1AC467C2}
		{9AF40835-D064-4D83-96BF-B9C129924A6B} = {8CC0C0F0-7BF2-46C7-B63F-D25A1AC467C2}
		{C1088C6B-A74C-4DAB-B1C5-B38F4B5E138C} = {8CC0C0F0-7BF2-46C7-B63F-D25A1AC467C2}
		{19AA54D2-4097-4744-ABFE-D5B06AD08E3F} = {8CC0C0F0-7BF2-46C7-B63F-D25A1AC467C2}
		{D51509B5-8FEA-4577-9001-CABE822CA1C6} = {8CC0C0F0-7BF2-46C7-B63F-D25A1AC467C2}
		{F2C83CD3-EAAC-4BF1-ADE4-276BCD29542E} = {8CC0C0F0-7BF2-46C7-B63F-D25A1AC467C2}
		{BA30C841-3579-48C4-906D-EF6320A2AB9A} = {8CC0C0F0-7BF2-46C7-B63F-D25A1AC467C2}
	EndGlobalSection
EndGlobal
	Project("{8BB2217D-0F2D-49D1-97BC-3654ED321F3B}") = "ThinkingHome.Console", "ThinkingHome.Console\ThinkingHome.Console.xproj", "{CD850C7F-9938-43AB-8A1D-A080E266003E}"
	EndProject
	Project("{2150E333-8FDC-42A3-9474-1A3956D46DE8}") = "Core", "Core", "{E8A7FB1A-3CB3-43F2-BE73-1C02D60AC30F}"
	EndProject
	Project("{8BB2217D-0F2D-49D1-97BC-3654ED321F3B}") = "ThinkingHome.Core.Infrastructure", "ThinkingHome.Core.Infrastructure\ThinkingHome.Core.Infrastructure.xproj", "{BEBDD185-CC8E-4630-AC00-AF65E6B529E9}"
	EndProject
	Project("{8BB2217D-0F2D-49D1-97BC-3654ED321F3B}") = "ThinkingHome.Core.Plugins", "ThinkingHome.Core.Plugins\ThinkingHome.Core.Plugins.xproj", "{E0C5A8A6-C454-4D36-B540-4DD48D54D52E}"
	EndProject
	Project("{2150E333-8FDC-42A3-9474-1A3956D46DE8}") = "Plugins", "Plugins", "{8CC0C0F0-7BF2-46C7-B63F-D25A1AC467C2}"
	EndProject
	Project("{8BB2217D-0F2D-49D1-97BC-3654ED321F3B}") = "ThinkingHome.Plugins.Timer", "ThinkingHome.Plugins.Timer\ThinkingHome.Plugins.Timer.xproj", "{3428A498-2893-401C-A97C-DFA4339E10C9}"
	EndProject
	Project("{8BB2217D-0F2D-49D1-97BC-3654ED321F3B}") = "ThinkingHome.Plugins.Tmp", "ThinkingHome.Plugins.Tmp\ThinkingHome.Plugins.Tmp.xproj", "{7C2B89B1-104B-4CC1-8907-BD9A4D0E7039}"
	EndProject
	Project("{8BB2217D-0F2D-49D1-97BC-3654ED321F3B}") = "ThinkingHome.Plugins.Database", "ThinkingHome.Plugins.Database\ThinkingHome.Plugins.Database.xproj", "{9AF40835-D064-4D83-96BF-B9C129924A6B}"
	EndProject
	Project("{8BB2217D-0F2D-49D1-97BC-3654ED321F3B}") = "ThinkingHome.Plugins.Scripts", "ThinkingHome.Plugins.Scripts\ThinkingHome.Plugins.Scripts.xproj", "{C1088C6B-A74C-4DAB-B1C5-B38F4B5E138C}"
	EndProject
	Project("{8BB2217D-0F2D-49D1-97BC-3654ED321F3B}") = "ThinkingHome.Plugins.WebServer", "ThinkingHome.Plugins.WebServer\ThinkingHome.Plugins.WebServer.xproj", "{19AA54D2-4097-4744-ABFE-D5B06AD08E3F}"
	EndProject
	Project("{8BB2217D-0F2D-49D1-97BC-3654ED321F3B}") = "ThinkingHome.Plugins.Scripts.WebApi", "ThinkingHome.Plugins.Scripts.WebApi\ThinkingHome.Plugins.Scripts.WebApi.xproj", "{D51509B5-8FEA-4577-9001-CABE822CA1C6}"
	EndProject
	Project("{8BB2217D-0F2D-49D1-97BC-3654ED321F3B}") = "ThinkingHome.Plugins.WebUi", "ThinkingHome.Plugins.WebUi\ThinkingHome.Plugins.WebUi.xproj", "{F2C83CD3-EAAC-4BF1-ADE4-276BCD29542E}"
	EndProject
	Project("{8BB2217D-0F2D-49D1-97BC-3654ED321F3B}") = "ThinkingHome.Plugins.WebUi.Apps", "ThinkingHome.Plugins.WebUi.Apps\ThinkingHome.Plugins.WebUi.Apps.xproj", "{BA30C841-3579-48C4-906D-EF6320A2AB9A}"
	EndProject
