
Microsoft Visual Studio Solution File, Format Version 12.00
# Visual Studio 15
VisualStudioVersion = 15.0.26114.2
MinimumVisualStudioVersion = 10.0.40219.1
Project("{FAE04EC0-301F-11D3-BF4B-00C04F79EFBC}") = "ThinkingHome.Plugins.WebUi.Apps", "ThinkingHome.Plugins.WebUi.Apps\ThinkingHome.Plugins.WebUi.Apps.csproj", "{9F8D813F-8599-47EF-BBE9-4EEABEC09BB6}"
EndProject
Project("{FAE04EC0-301F-11D3-BF4B-00C04F79EFBC}") = "ThinkingHome.Core.Plugins", "ThinkingHome.Core.Plugins\ThinkingHome.Core.Plugins.csproj", "{B96DEFE5-71D4-44D0-88EB-A296C04A151D}"
EndProject
Project("{FAE04EC0-301F-11D3-BF4B-00C04F79EFBC}") = "ThinkingHome.Plugins.WebServer", "ThinkingHome.Plugins.WebServer\ThinkingHome.Plugins.WebServer.csproj", "{3EF439BC-104B-4102-99C2-53737CBF6ED1}"
EndProject
Project("{FAE04EC0-301F-11D3-BF4B-00C04F79EFBC}") = "ThinkingHome.Plugins.WebUi", "ThinkingHome.Plugins.WebUi\ThinkingHome.Plugins.WebUi.csproj", "{4EAD2479-374D-430F-A0C5-7EB0AF4DA002}"
EndProject
Project("{FAE04EC0-301F-11D3-BF4B-00C04F79EFBC}") = "ThinkingHome.Plugins.WebServer.UrlValidation", "ThinkingHome.Plugins.WebServer.UrlValidation\ThinkingHome.Plugins.WebServer.UrlValidation.csproj", "{F86AA523-6E99-46C1-8FD6-6ABEB253788E}"
EndProject
Project("{FAE04EC0-301F-11D3-BF4B-00C04F79EFBC}") = "ThinkingHome.Plugins.Tmp", "ThinkingHome.Plugins.Tmp\ThinkingHome.Plugins.Tmp.csproj", "{5E370176-0DB3-47BB-8823-B39206A04837}"
EndProject
Project("{FAE04EC0-301F-11D3-BF4B-00C04F79EFBC}") = "ThinkingHome.Plugins.Database", "ThinkingHome.Plugins.Database\ThinkingHome.Plugins.Database.csproj", "{D3BA9D83-FE00-480A-A24C-DC675C11073B}"
EndProject
Project("{FAE04EC0-301F-11D3-BF4B-00C04F79EFBC}") = "ThinkingHome.Plugins.Scripts", "ThinkingHome.Plugins.Scripts\ThinkingHome.Plugins.Scripts.csproj", "{673E7916-54CB-4233-B6DF-403828222922}"
EndProject
Project("{FAE04EC0-301F-11D3-BF4B-00C04F79EFBC}") = "ThinkingHome.Plugins.Timer", "ThinkingHome.Plugins.Timer\ThinkingHome.Plugins.Timer.csproj", "{67A28C49-C204-4277-BD74-F4F29EDE6BEB}"
EndProject
Project("{FAE04EC0-301F-11D3-BF4B-00C04F79EFBC}") = "ThinkingHome.Plugins.Scripts.WebUi", "ThinkingHome.Plugins.Scripts.WebUi\ThinkingHome.Plugins.Scripts.WebUi.csproj", "{B81571AB-54C6-4AC0-96E9-9F39656076E9}"
EndProject
Project("{FAE04EC0-301F-11D3-BF4B-00C04F79EFBC}") = "ThinkingHome.Plugins.Scripts.WebApi", "ThinkingHome.Plugins.Scripts.WebApi\ThinkingHome.Plugins.Scripts.WebApi.csproj", "{03DE93D0-B95D-4765-9759-D450D55A3BCC}"
EndProject
Project("{FAE04EC0-301F-11D3-BF4B-00C04F79EFBC}") = "ThinkingHome.Core.Infrastructure", "ThinkingHome.Core.Infrastructure\ThinkingHome.Core.Infrastructure.csproj", "{890C6D53-A6E7-481E-B807-366B120FF886}"
EndProject
Project("{FAE04EC0-301F-11D3-BF4B-00C04F79EFBC}") = "ThinkingHome.Console", "ThinkingHome.Console\ThinkingHome.Console.csproj", "{1B662C37-1DD3-42F4-AE9B-1F31CD0B8722}"
EndProject
Project("{2150E333-8FDC-42A3-9474-1A3956D46DE8}") = "Core", "Core", "{04A6083B-18F9-4DD9-99CD-60D0861EDD7A}"
EndProject
Project("{2150E333-8FDC-42A3-9474-1A3956D46DE8}") = "Plugins", "Plugins", "{5DF04DCB-BC26-42FA-B7D6-CFC24963F1A8}"
EndProject
Project("{FAE04EC0-301F-11D3-BF4B-00C04F79EFBC}") = "ThinkingHome.Plugins.Mail", "ThinkingHome.Plugins.Mail\ThinkingHome.Plugins.Mail.csproj", "{A90E1D08-C1AE-4FBF-B99F-978212DC5F7C}"
EndProject
Project("{2150E333-8FDC-42A3-9474-1A3956D46DE8}") = "Solution Items", "Solution Items", "{152B1C81-305F-4223-8B3A-E66DBC7E5EFB}"
	ProjectSection(SolutionItems) = preProject
		Package.xml = Package.xml
		README.md = README.md
		build.sh = build.sh
		Dockerfile = Dockerfile
	EndProjectSection
EndProject
Project("{FAE04EC0-301F-11D3-BF4B-00C04F79EFBC}") = "ThinkingHome.Plugins.Mqtt", "ThinkingHome.Plugins.Mqtt\ThinkingHome.Plugins.Mqtt.csproj", "{9592D1CF-9DC4-46CC-8504-D9321CEF19AE}"
EndProject
Project("{FAE04EC0-301F-11D3-BF4B-00C04F79EFBC}") = "ThinkingHome.Plugins.Cron", "ThinkingHome.Plugins.Cron\ThinkingHome.Plugins.Cron.csproj", "{BA9975D1-7479-402A-98A6-B189BB9C40E7}"
EndProject
Project("{FAE04EC0-301F-11D3-BF4B-00C04F79EFBC}") = "ThinkingHome.Plugins.Cron.WebApi", "ThinkingHome.Plugins.Cron.WebApi\ThinkingHome.Plugins.Cron.WebApi.csproj", "{3749986C-9586-43B2-924F-919A51806E5C}"
EndProject
Project("{FAE04EC0-301F-11D3-BF4B-00C04F79EFBC}") = "ThinkingHome.Plugins.Cron.WebUi", "ThinkingHome.Plugins.Cron.WebUi\ThinkingHome.Plugins.Cron.WebUi.csproj", "{A640AA0B-FD50-43B1-8D46-191469B44700}"
EndProject
Project("{FAE04EC0-301F-11D3-BF4B-00C04F79EFBC}") = "ThinkingHome.Plugins.NooLite", "ThinkingHome.Plugins.NooLite\ThinkingHome.Plugins.NooLite.csproj", "{CDCBFFD1-7FBD-496E-BD42-581F66BEB085}"
EndProject
Project("{FAE04EC0-301F-11D3-BF4B-00C04F79EFBC}") = "ThinkingHome.Tests", "ThinkingHome.Tests\ThinkingHome.Tests.csproj", "{8EC8CD2B-E34F-4DBD-9C81-F8260679B0C2}"
EndProject
Project("{FAE04EC0-301F-11D3-BF4B-00C04F79EFBC}") = "ThinkingHome.Plugins.TelegramBot", "ThinkingHome.Plugins.TelegramBot\ThinkingHome.Plugins.TelegramBot.csproj", "{960A9C44-3D0F-42F4-8F81-F89588EAC9E0}"
EndProject
Global
	GlobalSection(SolutionConfigurationPlatforms) = preSolution
		Debug|Any CPU = Debug|Any CPU
		Release|Any CPU = Release|Any CPU
		Debug|x64 = Debug|x64
		Debug|x86 = Debug|x86
		Release|x64 = Release|x64
		Release|x86 = Release|x86
	EndGlobalSection
	GlobalSection(ProjectConfigurationPlatforms) = postSolution
		{9F8D813F-8599-47EF-BBE9-4EEABEC09BB6}.Debug|Any CPU.ActiveCfg = Debug|Any CPU
		{9F8D813F-8599-47EF-BBE9-4EEABEC09BB6}.Debug|Any CPU.Build.0 = Debug|Any CPU
		{9F8D813F-8599-47EF-BBE9-4EEABEC09BB6}.Release|Any CPU.ActiveCfg = Release|Any CPU
		{9F8D813F-8599-47EF-BBE9-4EEABEC09BB6}.Release|Any CPU.Build.0 = Release|Any CPU
		{B96DEFE5-71D4-44D0-88EB-A296C04A151D}.Debug|Any CPU.ActiveCfg = Debug|Any CPU
		{B96DEFE5-71D4-44D0-88EB-A296C04A151D}.Debug|Any CPU.Build.0 = Debug|Any CPU
		{B96DEFE5-71D4-44D0-88EB-A296C04A151D}.Release|Any CPU.ActiveCfg = Release|Any CPU
		{B96DEFE5-71D4-44D0-88EB-A296C04A151D}.Release|Any CPU.Build.0 = Release|Any CPU
		{3EF439BC-104B-4102-99C2-53737CBF6ED1}.Debug|Any CPU.ActiveCfg = Debug|Any CPU
		{3EF439BC-104B-4102-99C2-53737CBF6ED1}.Debug|Any CPU.Build.0 = Debug|Any CPU
		{3EF439BC-104B-4102-99C2-53737CBF6ED1}.Release|Any CPU.ActiveCfg = Release|Any CPU
		{3EF439BC-104B-4102-99C2-53737CBF6ED1}.Release|Any CPU.Build.0 = Release|Any CPU
		{4EAD2479-374D-430F-A0C5-7EB0AF4DA002}.Debug|Any CPU.ActiveCfg = Debug|Any CPU
		{4EAD2479-374D-430F-A0C5-7EB0AF4DA002}.Debug|Any CPU.Build.0 = Debug|Any CPU
		{4EAD2479-374D-430F-A0C5-7EB0AF4DA002}.Release|Any CPU.ActiveCfg = Release|Any CPU
		{4EAD2479-374D-430F-A0C5-7EB0AF4DA002}.Release|Any CPU.Build.0 = Release|Any CPU
		{F86AA523-6E99-46C1-8FD6-6ABEB253788E}.Debug|Any CPU.ActiveCfg = Debug|Any CPU
		{F86AA523-6E99-46C1-8FD6-6ABEB253788E}.Debug|Any CPU.Build.0 = Debug|Any CPU
		{F86AA523-6E99-46C1-8FD6-6ABEB253788E}.Release|Any CPU.ActiveCfg = Release|Any CPU
		{F86AA523-6E99-46C1-8FD6-6ABEB253788E}.Release|Any CPU.Build.0 = Release|Any CPU
		{5E370176-0DB3-47BB-8823-B39206A04837}.Debug|Any CPU.ActiveCfg = Debug|Any CPU
		{5E370176-0DB3-47BB-8823-B39206A04837}.Debug|Any CPU.Build.0 = Debug|Any CPU
		{5E370176-0DB3-47BB-8823-B39206A04837}.Release|Any CPU.ActiveCfg = Release|Any CPU
		{5E370176-0DB3-47BB-8823-B39206A04837}.Release|Any CPU.Build.0 = Release|Any CPU
		{D3BA9D83-FE00-480A-A24C-DC675C11073B}.Debug|Any CPU.ActiveCfg = Debug|Any CPU
		{D3BA9D83-FE00-480A-A24C-DC675C11073B}.Debug|Any CPU.Build.0 = Debug|Any CPU
		{D3BA9D83-FE00-480A-A24C-DC675C11073B}.Release|Any CPU.ActiveCfg = Release|Any CPU
		{D3BA9D83-FE00-480A-A24C-DC675C11073B}.Release|Any CPU.Build.0 = Release|Any CPU
		{673E7916-54CB-4233-B6DF-403828222922}.Debug|Any CPU.ActiveCfg = Debug|Any CPU
		{673E7916-54CB-4233-B6DF-403828222922}.Debug|Any CPU.Build.0 = Debug|Any CPU
		{673E7916-54CB-4233-B6DF-403828222922}.Release|Any CPU.ActiveCfg = Release|Any CPU
		{673E7916-54CB-4233-B6DF-403828222922}.Release|Any CPU.Build.0 = Release|Any CPU
		{67A28C49-C204-4277-BD74-F4F29EDE6BEB}.Debug|Any CPU.ActiveCfg = Debug|Any CPU
		{67A28C49-C204-4277-BD74-F4F29EDE6BEB}.Debug|Any CPU.Build.0 = Debug|Any CPU
		{67A28C49-C204-4277-BD74-F4F29EDE6BEB}.Release|Any CPU.ActiveCfg = Release|Any CPU
		{67A28C49-C204-4277-BD74-F4F29EDE6BEB}.Release|Any CPU.Build.0 = Release|Any CPU
		{B81571AB-54C6-4AC0-96E9-9F39656076E9}.Debug|Any CPU.ActiveCfg = Debug|Any CPU
		{B81571AB-54C6-4AC0-96E9-9F39656076E9}.Debug|Any CPU.Build.0 = Debug|Any CPU
		{B81571AB-54C6-4AC0-96E9-9F39656076E9}.Release|Any CPU.ActiveCfg = Release|Any CPU
		{B81571AB-54C6-4AC0-96E9-9F39656076E9}.Release|Any CPU.Build.0 = Release|Any CPU
		{03DE93D0-B95D-4765-9759-D450D55A3BCC}.Debug|Any CPU.ActiveCfg = Debug|Any CPU
		{03DE93D0-B95D-4765-9759-D450D55A3BCC}.Debug|Any CPU.Build.0 = Debug|Any CPU
		{03DE93D0-B95D-4765-9759-D450D55A3BCC}.Release|Any CPU.ActiveCfg = Release|Any CPU
		{03DE93D0-B95D-4765-9759-D450D55A3BCC}.Release|Any CPU.Build.0 = Release|Any CPU
		{890C6D53-A6E7-481E-B807-366B120FF886}.Debug|Any CPU.ActiveCfg = Debug|Any CPU
		{890C6D53-A6E7-481E-B807-366B120FF886}.Debug|Any CPU.Build.0 = Debug|Any CPU
		{890C6D53-A6E7-481E-B807-366B120FF886}.Release|Any CPU.ActiveCfg = Release|Any CPU
		{890C6D53-A6E7-481E-B807-366B120FF886}.Release|Any CPU.Build.0 = Release|Any CPU
		{1B662C37-1DD3-42F4-AE9B-1F31CD0B8722}.Debug|Any CPU.ActiveCfg = Debug|Any CPU
		{1B662C37-1DD3-42F4-AE9B-1F31CD0B8722}.Debug|Any CPU.Build.0 = Debug|Any CPU
		{1B662C37-1DD3-42F4-AE9B-1F31CD0B8722}.Release|Any CPU.ActiveCfg = Release|Any CPU
		{1B662C37-1DD3-42F4-AE9B-1F31CD0B8722}.Release|Any CPU.Build.0 = Release|Any CPU
		{A90E1D08-C1AE-4FBF-B99F-978212DC5F7C}.Debug|Any CPU.ActiveCfg = Debug|Any CPU
		{A90E1D08-C1AE-4FBF-B99F-978212DC5F7C}.Debug|Any CPU.Build.0 = Debug|Any CPU
		{A90E1D08-C1AE-4FBF-B99F-978212DC5F7C}.Release|Any CPU.ActiveCfg = Release|Any CPU
		{A90E1D08-C1AE-4FBF-B99F-978212DC5F7C}.Release|Any CPU.Build.0 = Release|Any CPU
		{A90E1D08-C1AE-4FBF-B99F-978212DC5F7C}.Debug|x64.ActiveCfg = Debug|Any CPU
		{A90E1D08-C1AE-4FBF-B99F-978212DC5F7C}.Debug|x64.Build.0 = Debug|Any CPU
		{A90E1D08-C1AE-4FBF-B99F-978212DC5F7C}.Debug|x86.ActiveCfg = Debug|Any CPU
		{A90E1D08-C1AE-4FBF-B99F-978212DC5F7C}.Debug|x86.Build.0 = Debug|Any CPU
		{A90E1D08-C1AE-4FBF-B99F-978212DC5F7C}.Release|x64.ActiveCfg = Release|Any CPU
		{A90E1D08-C1AE-4FBF-B99F-978212DC5F7C}.Release|x64.Build.0 = Release|Any CPU
		{A90E1D08-C1AE-4FBF-B99F-978212DC5F7C}.Release|x86.ActiveCfg = Release|Any CPU
		{A90E1D08-C1AE-4FBF-B99F-978212DC5F7C}.Release|x86.Build.0 = Release|Any CPU
		{9592D1CF-9DC4-46CC-8504-D9321CEF19AE}.Debug|Any CPU.ActiveCfg = Debug|Any CPU
		{9592D1CF-9DC4-46CC-8504-D9321CEF19AE}.Debug|Any CPU.Build.0 = Debug|Any CPU
		{9592D1CF-9DC4-46CC-8504-D9321CEF19AE}.Release|Any CPU.ActiveCfg = Release|Any CPU
		{9592D1CF-9DC4-46CC-8504-D9321CEF19AE}.Release|Any CPU.Build.0 = Release|Any CPU
		{BA9975D1-7479-402A-98A6-B189BB9C40E7}.Debug|Any CPU.ActiveCfg = Debug|Any CPU
		{BA9975D1-7479-402A-98A6-B189BB9C40E7}.Debug|Any CPU.Build.0 = Debug|Any CPU
		{BA9975D1-7479-402A-98A6-B189BB9C40E7}.Release|Any CPU.ActiveCfg = Release|Any CPU
		{BA9975D1-7479-402A-98A6-B189BB9C40E7}.Release|Any CPU.Build.0 = Release|Any CPU
		{3749986C-9586-43B2-924F-919A51806E5C}.Debug|Any CPU.ActiveCfg = Debug|Any CPU
		{3749986C-9586-43B2-924F-919A51806E5C}.Debug|Any CPU.Build.0 = Debug|Any CPU
		{3749986C-9586-43B2-924F-919A51806E5C}.Release|Any CPU.ActiveCfg = Release|Any CPU
		{3749986C-9586-43B2-924F-919A51806E5C}.Release|Any CPU.Build.0 = Release|Any CPU
		{A640AA0B-FD50-43B1-8D46-191469B44700}.Debug|Any CPU.ActiveCfg = Debug|Any CPU
		{A640AA0B-FD50-43B1-8D46-191469B44700}.Debug|Any CPU.Build.0 = Debug|Any CPU
		{A640AA0B-FD50-43B1-8D46-191469B44700}.Release|Any CPU.ActiveCfg = Release|Any CPU
		{A640AA0B-FD50-43B1-8D46-191469B44700}.Release|Any CPU.Build.0 = Release|Any CPU
		{CDCBFFD1-7FBD-496E-BD42-581F66BEB085}.Debug|Any CPU.ActiveCfg = Debug|Any CPU
		{CDCBFFD1-7FBD-496E-BD42-581F66BEB085}.Debug|Any CPU.Build.0 = Debug|Any CPU
		{CDCBFFD1-7FBD-496E-BD42-581F66BEB085}.Release|Any CPU.ActiveCfg = Release|Any CPU
		{CDCBFFD1-7FBD-496E-BD42-581F66BEB085}.Release|Any CPU.Build.0 = Release|Any CPU
		{8EC8CD2B-E34F-4DBD-9C81-F8260679B0C2}.Debug|Any CPU.ActiveCfg = Debug|Any CPU
		{8EC8CD2B-E34F-4DBD-9C81-F8260679B0C2}.Debug|Any CPU.Build.0 = Debug|Any CPU
		{8EC8CD2B-E34F-4DBD-9C81-F8260679B0C2}.Release|Any CPU.ActiveCfg = Release|Any CPU
		{8EC8CD2B-E34F-4DBD-9C81-F8260679B0C2}.Release|Any CPU.Build.0 = Release|Any CPU
		{960A9C44-3D0F-42F4-8F81-F89588EAC9E0}.Debug|Any CPU.ActiveCfg = Debug|Any CPU
		{960A9C44-3D0F-42F4-8F81-F89588EAC9E0}.Debug|Any CPU.Build.0 = Debug|Any CPU
		{960A9C44-3D0F-42F4-8F81-F89588EAC9E0}.Release|Any CPU.ActiveCfg = Release|Any CPU
		{960A9C44-3D0F-42F4-8F81-F89588EAC9E0}.Release|Any CPU.Build.0 = Release|Any CPU
	EndGlobalSection
	GlobalSection(SolutionProperties) = preSolution
		HideSolutionNode = FALSE
	EndGlobalSection
	GlobalSection(NestedProjects) = preSolution
		{890C6D53-A6E7-481E-B807-366B120FF886} = {04A6083B-18F9-4DD9-99CD-60D0861EDD7A}
		{B96DEFE5-71D4-44D0-88EB-A296C04A151D} = {04A6083B-18F9-4DD9-99CD-60D0861EDD7A}
		{D3BA9D83-FE00-480A-A24C-DC675C11073B} = {5DF04DCB-BC26-42FA-B7D6-CFC24963F1A8}
		{673E7916-54CB-4233-B6DF-403828222922} = {5DF04DCB-BC26-42FA-B7D6-CFC24963F1A8}
		{03DE93D0-B95D-4765-9759-D450D55A3BCC} = {5DF04DCB-BC26-42FA-B7D6-CFC24963F1A8}
		{B81571AB-54C6-4AC0-96E9-9F39656076E9} = {5DF04DCB-BC26-42FA-B7D6-CFC24963F1A8}
		{67A28C49-C204-4277-BD74-F4F29EDE6BEB} = {5DF04DCB-BC26-42FA-B7D6-CFC24963F1A8}
		{5E370176-0DB3-47BB-8823-B39206A04837} = {5DF04DCB-BC26-42FA-B7D6-CFC24963F1A8}
		{3EF439BC-104B-4102-99C2-53737CBF6ED1} = {5DF04DCB-BC26-42FA-B7D6-CFC24963F1A8}
		{F86AA523-6E99-46C1-8FD6-6ABEB253788E} = {5DF04DCB-BC26-42FA-B7D6-CFC24963F1A8}
		{4EAD2479-374D-430F-A0C5-7EB0AF4DA002} = {5DF04DCB-BC26-42FA-B7D6-CFC24963F1A8}
		{9F8D813F-8599-47EF-BBE9-4EEABEC09BB6} = {5DF04DCB-BC26-42FA-B7D6-CFC24963F1A8}
		{A90E1D08-C1AE-4FBF-B99F-978212DC5F7C} = {5DF04DCB-BC26-42FA-B7D6-CFC24963F1A8}
		{9592D1CF-9DC4-46CC-8504-D9321CEF19AE} = {5DF04DCB-BC26-42FA-B7D6-CFC24963F1A8}
		{BA9975D1-7479-402A-98A6-B189BB9C40E7} = {5DF04DCB-BC26-42FA-B7D6-CFC24963F1A8}
		{3749986C-9586-43B2-924F-919A51806E5C} = {5DF04DCB-BC26-42FA-B7D6-CFC24963F1A8}
		{A640AA0B-FD50-43B1-8D46-191469B44700} = {5DF04DCB-BC26-42FA-B7D6-CFC24963F1A8}
		{CDCBFFD1-7FBD-496E-BD42-581F66BEB085} = {5DF04DCB-BC26-42FA-B7D6-CFC24963F1A8}
		{960A9C44-3D0F-42F4-8F81-F89588EAC9E0} = {5DF04DCB-BC26-42FA-B7D6-CFC24963F1A8}
	EndGlobalSection
	GlobalSection(MonoDevelopProperties) = preSolution
		Policies = $0
		$0.TextStylePolicy = $1
		$1.TabsToSpaces = True
		$1.NoTabsAfterNonTabs = True
		$1.scope = text/x-json
		$0.JSONFormattingPolicy = $2
		$2.AutoStructureCompletion = True
		$2.BracePositions = SemiExpanded
		$2.FormatOnPaste = True
		$2.scope = text/x-json
		$0.TextStylePolicy = $3
		$3.inheritsSet = null
		$3.scope = text/x-csharp
		$0.CSharpFormattingPolicy = $4
		$4.scope = text/x-csharp
		$0.TextStylePolicy = $5
		$5.FileWidth = 80
		$5.TabsToSpaces = True
		$5.scope = text/plain
		$0.TextStylePolicy = $6
		$6.inheritsSet = null
		$6.scope = text/x-web
		$0.TextStylePolicy = $7
		$7.inheritsSet = null
		$7.scope = text/x-vs
		$0.TextStylePolicy = $8
		$8.inheritsSet = null
		$8.scope = application/javascript
		$0.TextStylePolicy = $9
		$9.inheritsSet = null
		$9.scope = text/x-html
		$0.HTMLFormattingPolicy = $10
		$10.FormatOnPaste = True
		$10.XHTMLCodingStyle = True
		$10.scope = text/x-html
		$0.DotNetNamingPolicy = $11
		$11.DirectoryNamespaceAssociation = PrefixedHierarchical
		$0.TextStylePolicy = $12
		$12.inheritsSet = null
		$12.scope = text/x-css
		$0.CSSFormattingPolicy = $13
		$13.AutomaticFormatting = True
		$13.BracePositions = SemiExpanded
		$13.FormatOnPaste = True
		$13.HierarchicalIndentation = True
		$13.scope = text/x-css
		$0.StandardHeader = $14
		$0.VersionControlPolicy = $15
		version = 4.0.0-alpha2
	EndGlobalSection
EndGlobal
